// !$*UTF8*$!
{
	archiveVersion = 1;
	classes = {
	};
	objectVersion = 46;
	objects = {

/* Begin PBXBuildFile section */
		1760890BE1DE3957BC767DAC /* Pods_MusicaLED.framework in Frameworks */ = {isa = PBXBuildFile; fileRef = 42257F0368C63B1BD24289C5 /* Pods_MusicaLED.framework */; };
		4CE3345D1F36642F00B5C7B8 /* AppDelegate.swift in Sources */ = {isa = PBXBuildFile; fileRef = 4CE3345C1F36642F00B5C7B8 /* AppDelegate.swift */; };
		4CE3345F1F36642F00B5C7B8 /* ViewController.swift in Sources */ = {isa = PBXBuildFile; fileRef = 4CE3345E1F36642F00B5C7B8 /* ViewController.swift */; };
		4CE334621F36642F00B5C7B8 /* Main.storyboard in Resources */ = {isa = PBXBuildFile; fileRef = 4CE334601F36642F00B5C7B8 /* Main.storyboard */; };
		4CE334641F36642F00B5C7B8 /* Assets.xcassets in Resources */ = {isa = PBXBuildFile; fileRef = 4CE334631F36642F00B5C7B8 /* Assets.xcassets */; };
		4CE334671F36642F00B5C7B8 /* LaunchScreen.storyboard in Resources */ = {isa = PBXBuildFile; fileRef = 4CE334651F36642F00B5C7B8 /* LaunchScreen.storyboard */; };
/* End PBXBuildFile section */

/* Begin PBXFileReference section */
		42257F0368C63B1BD24289C5 /* Pods_MusicaLED.framework */ = {isa = PBXFileReference; explicitFileType = wrapper.framework; includeInIndex = 0; path = Pods_MusicaLED.framework; sourceTree = BUILT_PRODUCTS_DIR; };
		4CE334591F36642F00B5C7B8 /* MusicaLED.app */ = {isa = PBXFileReference; explicitFileType = wrapper.application; includeInIndex = 0; path = MusicaLED.app; sourceTree = BUILT_PRODUCTS_DIR; };
		4CE3345C1F36642F00B5C7B8 /* AppDelegate.swift */ = {isa = PBXFileReference; lastKnownFileType = sourcecode.swift; path = AppDelegate.swift; sourceTree = "<group>"; };
		4CE3345E1F36642F00B5C7B8 /* ViewController.swift */ = {isa = PBXFileReference; lastKnownFileType = sourcecode.swift; path = ViewController.swift; sourceTree = "<group>"; };
		4CE334611F36642F00B5C7B8 /* Base */ = {isa = PBXFileReference; lastKnownFileType = file.storyboard; name = Base; path = Base.lproj/Main.storyboard; sourceTree = "<group>"; };
		4CE334631F36642F00B5C7B8 /* Assets.xcassets */ = {isa = PBXFileReference; lastKnownFileType = folder.assetcatalog; path = Assets.xcassets; sourceTree = "<group>"; };
		4CE334661F36642F00B5C7B8 /* Base */ = {isa = PBXFileReference; lastKnownFileType = file.storyboard; name = Base; path = Base.lproj/LaunchScreen.storyboard; sourceTree = "<group>"; };
		4CE334681F36642F00B5C7B8 /* Info.plist */ = {isa = PBXFileReference; lastKnownFileType = text.plist.xml; path = Info.plist; sourceTree = "<group>"; };
		94481B11E4612D89A6F9F209 /* Pods-MusicaLED.release.xcconfig */ = {isa = PBXFileReference; includeInIndex = 1; lastKnownFileType = text.xcconfig; name = "Pods-MusicaLED.release.xcconfig"; path = "Pods/Target Support Files/Pods-MusicaLED/Pods-MusicaLED.release.xcconfig"; sourceTree = "<group>"; };
		C345629F4DAFB70814FE1E0A /* Pods-MusicaLED.debug.xcconfig */ = {isa = PBXFileReference; includeInIndex = 1; lastKnownFileType = text.xcconfig; name = "Pods-MusicaLED.debug.xcconfig"; path = "Pods/Target Support Files/Pods-MusicaLED/Pods-MusicaLED.debug.xcconfig"; sourceTree = "<group>"; };
/* End PBXFileReference section */

/* Begin PBXFrameworksBuildPhase section */
		4CE334561F36642F00B5C7B8 /* Frameworks */ = {
			isa = PBXFrameworksBuildPhase;
			buildActionMask = 2147483647;
			files = (
				1760890BE1DE3957BC767DAC /* Pods_MusicaLED.framework in Frameworks */,
			);
			runOnlyForDeploymentPostprocessing = 0;
		};
/* End PBXFrameworksBuildPhase section */

/* Begin PBXGroup section */
		4CE334501F36642F00B5C7B8 = {
			isa = PBXGroup;
			children = (
				4CE3345B1F36642F00B5C7B8 /* MusicaLED */,
				4CE3345A1F36642F00B5C7B8 /* Products */,
				E50AE7A33FA9910459D3AE56 /* Pods */,
				5418CC58EEE702E1FEEF5135 /* Frameworks */,
			);
			sourceTree = "<group>";
		};
		4CE3345A1F36642F00B5C7B8 /* Products */ = {
			isa = PBXGroup;
			children = (
				4CE334591F36642F00B5C7B8 /* MusicaLED.app */,
			);
			name = Products;
			sourceTree = "<group>";
		};
		4CE3345B1F36642F00B5C7B8 /* MusicaLED */ = {
			isa = PBXGroup;
			children = (
				4CE3345C1F36642F00B5C7B8 /* AppDelegate.swift */,
				4CE3345E1F36642F00B5C7B8 /* ViewController.swift */,
				4CE334601F36642F00B5C7B8 /* Main.storyboard */,
				4CE334631F36642F00B5C7B8 /* Assets.xcassets */,
				4CE334651F36642F00B5C7B8 /* LaunchScreen.storyboard */,
				4CE334681F36642F00B5C7B8 /* Info.plist */,
			);
			path = MusicaLED;
			sourceTree = "<group>";
		};
		5418CC58EEE702E1FEEF5135 /* Frameworks */ = {
			isa = PBXGroup;
			children = (
				42257F0368C63B1BD24289C5 /* Pods_MusicaLED.framework */,
			);
			name = Frameworks;
			sourceTree = "<group>";
		};
		E50AE7A33FA9910459D3AE56 /* Pods */ = {
			isa = PBXGroup;
			children = (
				C345629F4DAFB70814FE1E0A /* Pods-MusicaLED.debug.xcconfig */,
				94481B11E4612D89A6F9F209 /* Pods-MusicaLED.release.xcconfig */,
			);
			name = Pods;
			sourceTree = "<group>";
		};
/* End PBXGroup section */

/* Begin PBXNativeTarget section */
		4CE334581F36642F00B5C7B8 /* MusicaLED */ = {
			isa = PBXNativeTarget;
			buildConfigurationList = 4CE3346B1F36642F00B5C7B8 /* Build configuration list for PBXNativeTarget "MusicaLED" */;
			buildPhases = (
				2B6923F71A0BA2E005859C8B /* [CP] Check Pods Manifest.lock */,
				4CE334551F36642F00B5C7B8 /* Sources */,
				4CE334561F36642F00B5C7B8 /* Frameworks */,
				4CE334571F36642F00B5C7B8 /* Resources */,
				0C921FE10119E5EF8CAD06F0 /* [CP] Embed Pods Frameworks */,
				CB73B8D574BEBF402F754426 /* [CP] Copy Pods Resources */,
			);
			buildRules = (
			);
			dependencies = (
			);
			name = MusicaLED;
			productName = MusicaLED;
			productReference = 4CE334591F36642F00B5C7B8 /* MusicaLED.app */;
			productType = "com.apple.product-type.application";
		};
/* End PBXNativeTarget section */

/* Begin PBXProject section */
		4CE334511F36642F00B5C7B8 /* Project object */ = {
			isa = PBXProject;
			attributes = {
				LastSwiftUpdateCheck = 0830;
				LastUpgradeCheck = 0830;
				ORGANIZATIONNAME = "Michael Stromer";
				TargetAttributes = {
					4CE334581F36642F00B5C7B8 = {
						CreatedOnToolsVersion = 8.3.3;
						DevelopmentTeam = 3JXD5NPUU6;
						ProvisioningStyle = Automatic;
					};
				};
			};
			buildConfigurationList = 4CE334541F36642F00B5C7B8 /* Build configuration list for PBXProject "MusicaLED" */;
			compatibilityVersion = "Xcode 3.2";
			developmentRegion = English;
			hasScannedForEncodings = 0;
			knownRegions = (
				en,
				Base,
			);
			mainGroup = 4CE334501F36642F00B5C7B8;
			productRefGroup = 4CE3345A1F36642F00B5C7B8 /* Products */;
			projectDirPath = "";
			projectRoot = "";
			targets = (
				4CE334581F36642F00B5C7B8 /* MusicaLED */,
			);
		};
/* End PBXProject section */

/* Begin PBXResourcesBuildPhase section */
		4CE334571F36642F00B5C7B8 /* Resources */ = {
			isa = PBXResourcesBuildPhase;
			buildActionMask = 2147483647;
			files = (
				4CE334671F36642F00B5C7B8 /* LaunchScreen.storyboard in Resources */,
				4CE334641F36642F00B5C7B8 /* Assets.xcassets in Resources */,
				4CE334621F36642F00B5C7B8 /* Main.storyboard in Resources */,
			);
			runOnlyForDeploymentPostprocessing = 0;
		};
/* End PBXResourcesBuildPhase section */

/* Begin PBXShellScriptBuildPhase section */
		0C921FE10119E5EF8CAD06F0 /* [CP] Embed Pods Frameworks */ = {
			isa = PBXShellScriptBuildPhase;
			buildActionMask = 2147483647;
			files = (
			);
			inputPaths = (
			);
			name = "[CP] Embed Pods Frameworks";
			outputPaths = (
			);
			runOnlyForDeploymentPostprocessing = 0;
			shellPath = /bin/sh;
			shellScript = "\"${SRCROOT}/Pods/Target Support Files/Pods-MusicaLED/Pods-MusicaLED-frameworks.sh\"\n";
			showEnvVarsInLog = 0;
		};
		2B6923F71A0BA2E005859C8B /* [CP] Check Pods Manifest.lock */ = {
			isa = PBXShellScriptBuildPhase;
			buildActionMask = 2147483647;
			files = (
			);
			inputPaths = (
			);
			name = "[CP] Check Pods Manifest.lock";
			outputPaths = (
			);
			runOnlyForDeploymentPostprocessing = 0;
			shellPath = /bin/sh;
			shellScript = "diff \"${PODS_PODFILE_DIR_PATH}/Podfile.lock\" \"${PODS_ROOT}/Manifest.lock\" > /dev/null\nif [ $? != 0 ] ; then\n    # print error to STDERR\n    echo \"error: The sandbox is not in sync with the Podfile.lock. Run 'pod install' or update your CocoaPods installation.\" >&2\n    exit 1\nfi\n";
			showEnvVarsInLog = 0;
		};
		CB73B8D574BEBF402F754426 /* [CP] Copy Pods Resources */ = {
			isa = PBXShellScriptBuildPhase;
			buildActionMask = 2147483647;
			files = (
			);
			inputPaths = (
			);
			name = "[CP] Copy Pods Resources";
			outputPaths = (
			);
			runOnlyForDeploymentPostprocessing = 0;
			shellPath = /bin/sh;
			shellScript = "\"${SRCROOT}/Pods/Target Support Files/Pods-MusicaLED/Pods-MusicaLED-resources.sh\"\n";
			showEnvVarsInLog = 0;
		};
/* End PBXShellScriptBuildPhase section */

/* Begin PBXSourcesBuildPhase section */
		4CE334551F36642F00B5C7B8 /* Sources */ = {
			isa = PBXSourcesBuildPhase;
			buildActionMask = 2147483647;
			files = (
				4CE3345F1F36642F00B5C7B8 /* ViewController.swift in Sources */,
				4CE3345D1F36642F00B5C7B8 /* AppDelegate.swift in Sources */,
			);
			runOnlyForDeploymentPostprocessing = 0;
		};
/* End PBXSourcesBuildPhase section */

/* Begin PBXVariantGroup section */
		4CE334601F36642F00B5C7B8 /* Main.storyboard */ = {
			isa = PBXVariantGroup;
			children = (
				4CE334611F36642F00B5C7B8 /* Base */,
			);
			name = Main.storyboard;
			sourceTree = "<group>";
		};
		4CE334651F36642F00B5C7B8 /* LaunchScreen.storyboard */ = {
			isa = PBXVariantGroup;
			children = (
				4CE334661F36642F00B5C7B8 /* Base */,
			);
			name = LaunchScreen.storyboard;
			sourceTree = "<group>";
		};
/* End PBXVariantGroup section */

/* Begin XCBuildConfiguration section */
		4CE334691F36642F00B5C7B8 /* Debug */ = {
			isa = XCBuildConfiguration;
			buildSettings = {
				ALWAYS_SEARCH_USER_PATHS = NO;
				CLANG_ANALYZER_NONNULL = YES;
				CLANG_ANALYZER_NUMBER_OBJECT_CONVERSION = YES_AGGRESSIVE;
				CLANG_CXX_LANGUAGE_STANDARD = "gnu++0x";
				CLANG_CXX_LIBRARY = "libc++";
				CLANG_ENABLE_MODULES = YES;
				CLANG_ENABLE_OBJC_ARC = YES;
				CLANG_WARN_BOOL_CONVERSION = YES;
				CLANG_WARN_CONSTANT_CONVERSION = YES;
				CLANG_WARN_DIRECT_OBJC_ISA_USAGE = YES_ERROR;
				CLANG_WARN_DOCUMENTATION_COMMENTS = YES;
				CLANG_WARN_EMPTY_BODY = YES;
				CLANG_WARN_ENUM_CONVERSION = YES;
				CLANG_WARN_INFINITE_RECURSION = YES;
				CLANG_WARN_INT_CONVERSION = YES;
				CLANG_WARN_OBJC_ROOT_CLASS = YES_ERROR;
				CLANG_WARN_SUSPICIOUS_MOVE = YES;
				CLANG_WARN_UNREACHABLE_CODE = YES;
				CLANG_WARN__DUPLICATE_METHOD_MATCH = YES;
				"CODE_SIGN_IDENTITY[sdk=iphoneos*]" = "iPhone Developer";
				COPY_PHASE_STRIP = NO;
				DEBUG_INFORMATION_FORMAT = dwarf;
				ENABLE_STRICT_OBJC_MSGSEND = YES;
				ENABLE_TESTABILITY = YES;
				GCC_C_LANGUAGE_STANDARD = gnu99;
				GCC_DYNAMIC_NO_PIC = NO;
				GCC_NO_COMMON_BLOCKS = YES;
				GCC_OPTIMIZATION_LEVEL = 0;
				GCC_PREPROCESSOR_DEFINITIONS = (
					"DEBUG=1",
					"$(inherited)",
				);
				GCC_WARN_64_TO_32_BIT_CONVERSION = YES;
				GCC_WARN_ABOUT_RETURN_TYPE = YES_ERROR;
				GCC_WARN_UNDECLARED_SELECTOR = YES;
				GCC_WARN_UNINITIALIZED_AUTOS = YES_AGGRESSIVE;
				GCC_WARN_UNUSED_FUNCTION = YES;
				GCC_WARN_UNUSED_VARIABLE = YES;
				IPHONEOS_DEPLOYMENT_TARGET = 10.3;
				MTL_ENABLE_DEBUG_INFO = YES;
				ONLY_ACTIVE_ARCH = YES;
				SDKROOT = iphoneos;
				SWIFT_ACTIVE_COMPILATION_CONDITIONS = DEBUG;
				SWIFT_OPTIMIZATION_LEVEL = "-Onone";
				TARGETED_DEVICE_FAMILY = "1,2";
			};
			name = Debug;
		};
		4CE3346A1F36642F00B5C7B8 /* Release */ = {
			isa = XCBuildConfiguration;
			buildSettings = {
				ALWAYS_SEARCH_USER_PATHS = NO;
				CLANG_ANALYZER_NONNULL = YES;
				CLANG_ANALYZER_NUMBER_OBJECT_CONVERSION = YES_AGGRESSIVE;
				CLANG_CXX_LANGUAGE_STANDARD = "gnu++0x";
				CLANG_CXX_LIBRARY = "libc++";
				CLANG_ENABLE_MODULES = YES;
				CLANG_ENABLE_OBJC_ARC = YES;
				CLANG_WARN_BOOL_CONVERSION = YES;
				CLANG_WARN_CONSTANT_CONVERSION = YES;
				CLANG_WARN_DIRECT_OBJC_ISA_USAGE = YES_ERROR;
				CLANG_WARN_DOCUMENTATION_COMMENTS = YES;
				CLANG_WARN_EMPTY_BODY = YES;
				CLANG_WARN_ENUM_CONVERSION = YES;
				CLANG_WARN_INFINITE_RECURSION = YES;
				CLANG_WARN_INT_CONVERSION = YES;
				CLANG_WARN_OBJC_ROOT_CLASS = YES_ERROR;
				CLANG_WARN_SUSPICIOUS_MOVE = YES;
				CLANG_WARN_UNREACHABLE_CODE = YES;
				CLANG_WARN__DUPLICATE_METHOD_MATCH = YES;
				"CODE_SIGN_IDENTITY[sdk=iphoneos*]" = "iPhone Developer";
				COPY_PHASE_STRIP = NO;
				DEBUG_INFORMATION_FORMAT = "dwarf-with-dsym";
				ENABLE_NS_ASSERTIONS = NO;
				ENABLE_STRICT_OBJC_MSGSEND = YES;
				GCC_C_LANGUAGE_STANDARD = gnu99;
				GCC_NO_COMMON_BLOCKS = YES;
				GCC_WARN_64_TO_32_BIT_CONVERSION = YES;
				GCC_WARN_ABOUT_RETURN_TYPE = YES_ERROR;
				GCC_WARN_UNDECLARED_SELECTOR = YES;
				GCC_WARN_UNINITIALIZED_AUTOS = YES_AGGRESSIVE;
				GCC_WARN_UNUSED_FUNCTION = YES;
				GCC_WARN_UNUSED_VARIABLE = YES;
				IPHONEOS_DEPLOYMENT_TARGET = 10.3;
				MTL_ENABLE_DEBUG_INFO = NO;
				SDKROOT = iphoneos;
				SWIFT_OPTIMIZATION_LEVEL = "-Owholemodule";
				TARGETED_DEVICE_FAMILY = "1,2";
				VALIDATE_PRODUCT = YES;
			};
			name = Release;
		};
		4CE3346C1F36642F00B5C7B8 /* Debug */ = {
			isa = XCBuildConfiguration;
			baseConfigurationReference = C345629F4DAFB70814FE1E0A /* Pods-MusicaLED.debug.xcconfig */;
			buildSettings = {
				ASSETCATALOG_COMPILER_APPICON_NAME = AppIcon;
				DEVELOPMENT_TEAM = 3JXD5NPUU6;
				INFOPLIST_FILE = MusicaLED/Info.plist;
				LD_RUNPATH_SEARCH_PATHS = "$(inherited) @executable_path/Frameworks";
				PRODUCT_BUNDLE_IDENTIFIER = MVP.MusicaLED;
				PRODUCT_NAME = "$(TARGET_NAME)";
				SWIFT_VERSION = 3.0;
			};
			name = Debug;
		};
		4CE3346D1F36642F00B5C7B8 /* Release */ = {
			isa = XCBuildConfiguration;
			baseConfigurationReference = 94481B11E4612D89A6F9F209 /* Pods-MusicaLED.release.xcconfig */;
			buildSettings = {
				ASSETCATALOG_COMPILER_APPICON_NAME = AppIcon;
				DEVELOPMENT_TEAM = 3JXD5NPUU6;
				INFOPLIST_FILE = MusicaLED/Info.plist;
				LD_RUNPATH_SEARCH_PATHS = "$(inherited) @executable_path/Frameworks";
				PRODUCT_BUNDLE_IDENTIFIER = MVP.MusicaLED;
				PRODUCT_NAME = "$(TARGET_NAME)";
				SWIFT_VERSION = 3.0;
			};
			name = Release;
		};
/* End XCBuildConfiguration section */

/* Begin XCConfigurationList section */
		4CE334541F36642F00B5C7B8 /* Build configuration list for PBXProject "MusicaLED" */ = {
			isa = XCConfigurationList;
			buildConfigurations = (
				4CE334691F36642F00B5C7B8 /* Debug */,
				4CE3346A1F36642F00B5C7B8 /* Release */,
			);
			defaultConfigurationIsVisible = 0;
			defaultConfigurationName = Release;
		};
		4CE3346B1F36642F00B5C7B8 /* Build configuration list for PBXNativeTarget "MusicaLED" */ = {
			isa = XCConfigurationList;
			buildConfigurations = (
				4CE3346C1F36642F00B5C7B8 /* Debug */,
				4CE3346D1F36642F00B5C7B8 /* Release */,
			);
			defaultConfigurationIsVisible = 0;
			defaultConfigurationName = Release;
		};
/* End XCConfigurationList section */
	};
	rootObject = 4CE334511F36642F00B5C7B8 /* Project object */;
}
